PODS:
  - CocoaLumberjack/Core (3.5.3)
  - CocoaLumberjack/Swift (3.5.3):
    - CocoaLumberjack/Core
  - MixedErrorLog (0.1.1):
    - CocoaLumberjack/Swift
  - MixedLog (0.1.0):
    - MixedErrorLog

DEPENDENCIES:
  - MixedLog (from `../`)

SPEC REPOS:
  file:///Users/claus/Workspace/PrivateSpecs.git:
    - MixedErrorLog
  https://github.com/cocoapods/specs.git:
    - CocoaLumberjack

EXTERNAL SOURCES:
  MixedLog:
    :path: "../"

SPEC CHECKSUMS:
  CocoaLumberjack: 2f44e60eb91c176d471fdba43b9e3eae6a721947
  MixedErrorLog: 834e5fcfc64bc0e47706fb604662985985f2b176
  MixedLog: 02fa90123c12c0db4f3a8e7701f4a46b04361ea8

PODFILE CHECKSUM: b11b144a3f97f8c793c61b31bfbc385c5fdc9958

COCOAPODS: 1.7.4
